// !$*UTF8*$!
{
	archiveVersion = 1;
	classes = {
	};
	objectVersion = 56;
	objects = {

/* Begin PBXBuildFile section */
		B55F62122C9D33F3000422C2 /* ContentDetailViewController.swift in Sources */ = {isa = PBXBuildFile; fileRef = B55F62112C9D33F3000422C2 /* ContentDetailViewController.swift */; };
		B55F62142C9D4747000422C2 /* ContentDetailViewModel.swift in Sources */ = {isa = PBXBuildFile; fileRef = B55F62132C9D4747000422C2 /* ContentDetailViewModel.swift */; };
		B55F62162C9D4CA0000422C2 /* ReviewNetwork.swift in Sources */ = {isa = PBXBuildFile; fileRef = B55F62152C9D4CA0000422C2 /* ReviewNetwork.swift */; };
		B55F62182CA003E4000422C2 /* Content.swift in Sources */ = {isa = PBXBuildFile; fileRef = B55F62172CA003E4000422C2 /* Content.swift */; };
		B55F621A2CA1628E000422C2 /* ReviewViewController.swift in Sources */ = {isa = PBXBuildFile; fileRef = B55F62192CA1628E000422C2 /* ReviewViewController.swift */; };
		B55F621C2CA1AEED000422C2 /* ReviewViewModel.swift in Sources */ = {isa = PBXBuildFile; fileRef = B55F621B2CA1AEED000422C2 /* ReviewViewModel.swift */; };
		B55F621F2CA1B137000422C2 /* ReviewHeaderCell.swift in Sources */ = {isa = PBXBuildFile; fileRef = B55F621E2CA1B137000422C2 /* ReviewHeaderCell.swift */; };
		B55F62212CA1B13E000422C2 /* ReviewContentCell.swift in Sources */ = {isa = PBXBuildFile; fileRef = B55F62202CA1B13E000422C2 /* ReviewContentCell.swift */; };
		B585F3002C9BDCD4003AB007 /* CommonItemCell.swift in Sources */ = {isa = PBXBuildFile; fileRef = B585F2FF2C9BDCD4003AB007 /* CommonItemCell.swift */; };
		B585F3022C9C4289003AB007 /* BannerItemCell.swift in Sources */ = {isa = PBXBuildFile; fileRef = B585F3012C9C4289003AB007 /* BannerItemCell.swift */; };
		B585F3042C9C4501003AB007 /* VerticalItemCell.swift in Sources */ = {isa = PBXBuildFile; fileRef = B585F3032C9C4501003AB007 /* VerticalItemCell.swift */; };
		B585F3062C9C4769003AB007 /* Float+Extensions.swift in Sources */ = {isa = PBXBuildFile; fileRef = B585F3052C9C4769003AB007 /* Float+Extensions.swift */; };
		B585F3082C9C4838003AB007 /* HeaderView.swift in Sources */ = {isa = PBXBuildFile; fileRef = B585F3072C9C4838003AB007 /* HeaderView.swift */; };
		B5DA36532C93380300DBA9F3 /* AppDelegate.swift in Sources */ = {isa = PBXBuildFile; fileRef = B5DA36522C93380300DBA9F3 /* AppDelegate.swift */; };
		B5DA36552C93380300DBA9F3 /* SceneDelegate.swift in Sources */ = {isa = PBXBuildFile; fileRef = B5DA36542C93380300DBA9F3 /* SceneDelegate.swift */; };
		B5DA36572C93380300DBA9F3 /* MainViewController.swift in Sources */ = {isa = PBXBuildFile; fileRef = B5DA36562C93380300DBA9F3 /* MainViewController.swift */; };
		B5DA365C2C93380500DBA9F3 /* Assets.xcassets in Resources */ = {isa = PBXBuildFile; fileRef = B5DA365B2C93380500DBA9F3 /* Assets.xcassets */; };
		B5DA365F2C93380500DBA9F3 /* Base in Resources */ = {isa = PBXBuildFile; fileRef = B5DA365E2C93380500DBA9F3 /* Base */; };
		B5DA36682C93399200DBA9F3 /* Kingfisher in Frameworks */ = {isa = PBXBuildFile; productRef = B5DA36672C93399200DBA9F3 /* Kingfisher */; };
		B5DA366B2C9339A000DBA9F3 /* SnapKit in Frameworks */ = {isa = PBXBuildFile; productRef = B5DA366A2C9339A000DBA9F3 /* SnapKit */; };
		B5DA366E2C9339B400DBA9F3 /* RxAlamofire in Frameworks */ = {isa = PBXBuildFile; productRef = B5DA366D2C9339B400DBA9F3 /* RxAlamofire */; };
		B5DA36712C9339C600DBA9F3 /* RxCocoa in Frameworks */ = {isa = PBXBuildFile; productRef = B5DA36702C9339C600DBA9F3 /* RxCocoa */; };
		B5DA36732C9339C600DBA9F3 /* RxSwift in Frameworks */ = {isa = PBXBuildFile; productRef = B5DA36722C9339C600DBA9F3 /* RxSwift */; };
		B5DA36792C933B6200DBA9F3 /* TV.swift in Sources */ = {isa = PBXBuildFile; fileRef = B5DA36782C933B6200DBA9F3 /* TV.swift */; };
		B5DA367B2C933B6600DBA9F3 /* Movie.swift in Sources */ = {isa = PBXBuildFile; fileRef = B5DA367A2C933B6600DBA9F3 /* Movie.swift */; };
		B5DA367D2C933B7D00DBA9F3 /* MainViewModel.swift in Sources */ = {isa = PBXBuildFile; fileRef = B5DA367C2C933B7D00DBA9F3 /* MainViewModel.swift */; };
		B5DA367F2C933B8F00DBA9F3 /* Network.swift in Sources */ = {isa = PBXBuildFile; fileRef = B5DA367E2C933B8F00DBA9F3 /* Network.swift */; };
		B5DA36842C933D2300DBA9F3 /* Bundle+Extensions.swift in Sources */ = {isa = PBXBuildFile; fileRef = B5DA36832C933D2300DBA9F3 /* Bundle+Extensions.swift */; };
		B5DA36872C933EFD00DBA9F3 /* APIPath.swift in Sources */ = {isa = PBXBuildFile; fileRef = B5DA36862C933EFC00DBA9F3 /* APIPath.swift */; };
		B5DA36892C93434100DBA9F3 /* String+Extenstions.swift in Sources */ = {isa = PBXBuildFile; fileRef = B5DA36882C93434000DBA9F3 /* String+Extenstions.swift */; };
		B5DA368B2C9346E000DBA9F3 /* Review.swift in Sources */ = {isa = PBXBuildFile; fileRef = B5DA368A2C9346E000DBA9F3 /* Review.swift */; };
		B5DA368D2C934A7500DBA9F3 /* MovieResults.swift in Sources */ = {isa = PBXBuildFile; fileRef = B5DA368C2C934A7500DBA9F3 /* MovieResults.swift */; };
		B5DA368F2C970DC200DBA9F3 /* TVNetwork.swift in Sources */ = {isa = PBXBuildFile; fileRef = B5DA368E2C970DC200DBA9F3 /* TVNetwork.swift */; };
		B5DA36912C97110F00DBA9F3 /* MovieNetwork.swift in Sources */ = {isa = PBXBuildFile; fileRef = B5DA36902C97110F00DBA9F3 /* MovieNetwork.swift */; };
		B5DA36932C97120500DBA9F3 /* NetworkProvider.swift in Sources */ = {isa = PBXBuildFile; fileRef = B5DA36922C97120500DBA9F3 /* NetworkProvider.swift */; };
		B5DA36952C9712C700DBA9F3 /* ViewModelType.swift in Sources */ = {isa = PBXBuildFile; fileRef = B5DA36942C9712C700DBA9F3 /* ViewModelType.swift */; };
		B5DA36982C9717BB00DBA9F3 /* MediaContent.swift in Sources */ = {isa = PBXBuildFile; fileRef = B5DA36972C9717BB00DBA9F3 /* MediaContent.swift */; };
		B5DA369A2C9718B500DBA9F3 /* ButtonView.swift in Sources */ = {isa = PBXBuildFile; fileRef = B5DA36992C9718B500DBA9F3 /* ButtonView.swift */; };
/* End PBXBuildFile section */

/* Begin PBXFileReference section */
		B55F62112C9D33F3000422C2 /* ContentDetailViewController.swift */ = {isa = PBXFileReference; lastKnownFileType = sourcecode.swift; path = ContentDetailViewController.swift; sourceTree = "<group>"; };
		B55F62132C9D4747000422C2 /* ContentDetailViewModel.swift */ = {isa = PBXFileReference; lastKnownFileType = sourcecode.swift; path = ContentDetailViewModel.swift; sourceTree = "<group>"; };
		B55F62152C9D4CA0000422C2 /* ReviewNetwork.swift */ = {isa = PBXFileReference; lastKnownFileType = sourcecode.swift; path = ReviewNetwork.swift; sourceTree = "<group>"; };
		B55F62172CA003E4000422C2 /* Content.swift */ = {isa = PBXFileReference; lastKnownFileType = sourcecode.swift; path = Content.swift; sourceTree = "<group>"; };
		B55F62192CA1628E000422C2 /* ReviewViewController.swift */ = {isa = PBXFileReference; lastKnownFileType = sourcecode.swift; path = ReviewViewController.swift; sourceTree = "<group>"; };
		B55F621B2CA1AEED000422C2 /* ReviewViewModel.swift */ = {isa = PBXFileReference; lastKnownFileType = sourcecode.swift; path = ReviewViewModel.swift; sourceTree = "<group>"; };
		B55F621E2CA1B137000422C2 /* ReviewHeaderCell.swift */ = {isa = PBXFileReference; lastKnownFileType = sourcecode.swift; path = ReviewHeaderCell.swift; sourceTree = "<group>"; };
		B55F62202CA1B13E000422C2 /* ReviewContentCell.swift */ = {isa = PBXFileReference; lastKnownFileType = sourcecode.swift; path = ReviewContentCell.swift; sourceTree = "<group>"; };
		B585F2FF2C9BDCD4003AB007 /* CommonItemCell.swift */ = {isa = PBXFileReference; lastKnownFileType = sourcecode.swift; path = CommonItemCell.swift; sourceTree = "<group>"; };
		B585F3012C9C4289003AB007 /* BannerItemCell.swift */ = {isa = PBXFileReference; lastKnownFileType = sourcecode.swift; path = BannerItemCell.swift; sourceTree = "<group>"; };
		B585F3032C9C4501003AB007 /* VerticalItemCell.swift */ = {isa = PBXFileReference; lastKnownFileType = sourcecode.swift; path = VerticalItemCell.swift; sourceTree = "<group>"; };
		B585F3052C9C4769003AB007 /* Float+Extensions.swift */ = {isa = PBXFileReference; lastKnownFileType = sourcecode.swift; path = "Float+Extensions.swift"; sourceTree = "<group>"; };
		B585F3072C9C4838003AB007 /* HeaderView.swift */ = {isa = PBXFileReference; lastKnownFileType = sourcecode.swift; path = HeaderView.swift; sourceTree = "<group>"; };
		B5DA364F2C93380300DBA9F3 /* TVMovie_ModernCollectionView.app */ = {isa = PBXFileReference; explicitFileType = wrapper.application; includeInIndex = 0; path = TVMovie_ModernCollectionView.app; sourceTree = BUILT_PRODUCTS_DIR; };
		B5DA36522C93380300DBA9F3 /* AppDelegate.swift */ = {isa = PBXFileReference; lastKnownFileType = sourcecode.swift; path = AppDelegate.swift; sourceTree = "<group>"; };
		B5DA36542C93380300DBA9F3 /* SceneDelegate.swift */ = {isa = PBXFileReference; lastKnownFileType = sourcecode.swift; path = SceneDelegate.swift; sourceTree = "<group>"; };
		B5DA36562C93380300DBA9F3 /* MainViewController.swift */ = {isa = PBXFileReference; lastKnownFileType = sourcecode.swift; path = MainViewController.swift; sourceTree = "<group>"; };
		B5DA365B2C93380500DBA9F3 /* Assets.xcassets */ = {isa = PBXFileReference; lastKnownFileType = folder.assetcatalog; path = Assets.xcassets; sourceTree = "<group>"; };
		B5DA365E2C93380500DBA9F3 /* Base */ = {isa = PBXFileReference; lastKnownFileType = file.storyboard; name = Base; path = Base.lproj/LaunchScreen.storyboard; sourceTree = "<group>"; };
		B5DA36602C93380500DBA9F3 /* Info.plist */ = {isa = PBXFileReference; lastKnownFileType = text.plist.xml; path = Info.plist; sourceTree = "<group>"; };
		B5DA36782C933B6200DBA9F3 /* TV.swift */ = {isa = PBXFileReference; lastKnownFileType = sourcecode.swift; path = TV.swift; sourceTree = "<group>"; };
		B5DA367A2C933B6600DBA9F3 /* Movie.swift */ = {isa = PBXFileReference; lastKnownFileType = sourcecode.swift; path = Movie.swift; sourceTree = "<group>"; };
		B5DA367C2C933B7D00DBA9F3 /* MainViewModel.swift */ = {isa = PBXFileReference; lastKnownFileType = sourcecode.swift; path = MainViewModel.swift; sourceTree = "<group>"; };
		B5DA367E2C933B8F00DBA9F3 /* Network.swift */ = {isa = PBXFileReference; lastKnownFileType = sourcecode.swift; path = Network.swift; sourceTree = "<group>"; };
		B5DA36812C933CAB00DBA9F3 /* Secrets.xcconfig */ = {isa = PBXFileReference; lastKnownFileType = text.xcconfig; path = Secrets.xcconfig; sourceTree = "<group>"; };
		B5DA36832C933D2300DBA9F3 /* Bundle+Extensions.swift */ = {isa = PBXFileReference; lastKnownFileType = sourcecode.swift; path = "Bundle+Extensions.swift"; sourceTree = "<group>"; };
		B5DA36862C933EFC00DBA9F3 /* APIPath.swift */ = {isa = PBXFileReference; lastKnownFileType = sourcecode.swift; path = APIPath.swift; sourceTree = "<group>"; };
		B5DA36882C93434000DBA9F3 /* String+Extenstions.swift */ = {isa = PBXFileReference; lastKnownFileType = sourcecode.swift; path = "String+Extenstions.swift"; sourceTree = "<group>"; };
		B5DA368A2C9346E000DBA9F3 /* Review.swift */ = {isa = PBXFileReference; lastKnownFileType = sourcecode.swift; path = Review.swift; sourceTree = "<group>"; };
		B5DA368C2C934A7500DBA9F3 /* MovieResults.swift */ = {isa = PBXFileReference; lastKnownFileType = sourcecode.swift; path = MovieResults.swift; sourceTree = "<group>"; };
		B5DA368E2C970DC200DBA9F3 /* TVNetwork.swift */ = {isa = PBXFileReference; lastKnownFileType = sourcecode.swift; path = TVNetwork.swift; sourceTree = "<group>"; };
		B5DA36902C97110F00DBA9F3 /* MovieNetwork.swift */ = {isa = PBXFileReference; lastKnownFileType = sourcecode.swift; path = MovieNetwork.swift; sourceTree = "<group>"; };
		B5DA36922C97120500DBA9F3 /* NetworkProvider.swift */ = {isa = PBXFileReference; lastKnownFileType = sourcecode.swift; path = NetworkProvider.swift; sourceTree = "<group>"; };
		B5DA36942C9712C700DBA9F3 /* ViewModelType.swift */ = {isa = PBXFileReference; lastKnownFileType = sourcecode.swift; path = ViewModelType.swift; sourceTree = "<group>"; };
		B5DA36972C9717BB00DBA9F3 /* MediaContent.swift */ = {isa = PBXFileReference; lastKnownFileType = sourcecode.swift; path = MediaContent.swift; sourceTree = "<group>"; };
		B5DA36992C9718B500DBA9F3 /* ButtonView.swift */ = {isa = PBXFileReference; lastKnownFileType = sourcecode.swift; path = ButtonView.swift; sourceTree = "<group>"; };
/* End PBXFileReference section */

/* Begin PBXFrameworksBuildPhase section */
		B5DA364C2C93380300DBA9F3 /* Frameworks */ = {
			isa = PBXFrameworksBuildPhase;
			buildActionMask = 2147483647;
			files = (
				B5DA366E2C9339B400DBA9F3 /* RxAlamofire in Frameworks */,
				B5DA36682C93399200DBA9F3 /* Kingfisher in Frameworks */,
				B5DA36732C9339C600DBA9F3 /* RxSwift in Frameworks */,
				B5DA36712C9339C600DBA9F3 /* RxCocoa in Frameworks */,
				B5DA366B2C9339A000DBA9F3 /* SnapKit in Frameworks */,
			);
			runOnlyForDeploymentPostprocessing = 0;
		};
/* End PBXFrameworksBuildPhase section */

/* Begin PBXGroup section */
		B585F2FE2C9B17B2003AB007 /* SubView */ = {
			isa = PBXGroup;
			children = (
				B5DA36992C9718B500DBA9F3 /* ButtonView.swift */,
				B55F62112C9D33F3000422C2 /* ContentDetailViewController.swift */,
				B55F62192CA1628E000422C2 /* ReviewViewController.swift */,
			);
			path = SubView;
			sourceTree = "<group>";
		};
		B5DA36462C93380300DBA9F3 = {
			isa = PBXGroup;
			children = (
				B5DA36512C93380300DBA9F3 /* TVMovie_ModernCollectionView */,
				B5DA36502C93380300DBA9F3 /* Products */,
			);
			sourceTree = "<group>";
		};
		B5DA36502C93380300DBA9F3 /* Products */ = {
			isa = PBXGroup;
			children = (
				B5DA364F2C93380300DBA9F3 /* TVMovie_ModernCollectionView.app */,
			);
			name = Products;
			sourceTree = "<group>";
		};
		B5DA36512C93380300DBA9F3 /* TVMovie_ModernCollectionView */ = {
			isa = PBXGroup;
			children = (
				B5DA36522C93380300DBA9F3 /* AppDelegate.swift */,
				B5DA36542C93380300DBA9F3 /* SceneDelegate.swift */,
				B5DA36802C933BAB00DBA9F3 /* Resource */,
				B5DA36772C933B4F00DBA9F3 /* Model */,
				B5DA36762C933B2600DBA9F3 /* ViewModel */,
				B5DA36752C933B1D00DBA9F3 /* View */,
				B5DA36742C933B0400DBA9F3 /* Network */,
				B5DA36822C933CFE00DBA9F3 /* Extension */,
			);
			path = TVMovie_ModernCollectionView;
			sourceTree = "<group>";
		};
		B5DA36742C933B0400DBA9F3 /* Network */ = {
			isa = PBXGroup;
			children = (
				B5DA36852C933EEA00DBA9F3 /* Entity */,
				B5DA367E2C933B8F00DBA9F3 /* Network.swift */,
				B5DA368E2C970DC200DBA9F3 /* TVNetwork.swift */,
				B5DA36902C97110F00DBA9F3 /* MovieNetwork.swift */,
				B55F62152C9D4CA0000422C2 /* ReviewNetwork.swift */,
				B5DA36922C97120500DBA9F3 /* NetworkProvider.swift */,
			);
			path = Network;
			sourceTree = "<group>";
		};
		B5DA36752C933B1D00DBA9F3 /* View */ = {
			isa = PBXGroup;
			children = (
				B5DA36562C93380300DBA9F3 /* MainViewController.swift */,
				B585F2FE2C9B17B2003AB007 /* SubView */,
				B5DA36962C97169100DBA9F3 /* Cells */,
			);
			path = View;
			sourceTree = "<group>";
		};
		B5DA36762C933B2600DBA9F3 /* ViewModel */ = {
			isa = PBXGroup;
			children = (
				B5DA36942C9712C700DBA9F3 /* ViewModelType.swift */,
				B5DA367C2C933B7D00DBA9F3 /* MainViewModel.swift */,
				B55F62132C9D4747000422C2 /* ContentDetailViewModel.swift */,
				B55F621B2CA1AEED000422C2 /* ReviewViewModel.swift */,
			);
			path = ViewModel;
			sourceTree = "<group>";
		};
		B5DA36772C933B4F00DBA9F3 /* Model */ = {
			isa = PBXGroup;
			children = (
				B5DA36782C933B6200DBA9F3 /* TV.swift */,
				B5DA367A2C933B6600DBA9F3 /* Movie.swift */,
				B5DA368C2C934A7500DBA9F3 /* MovieResults.swift */,
				B5DA368A2C9346E000DBA9F3 /* Review.swift */,
				B5DA36972C9717BB00DBA9F3 /* MediaContent.swift */,
				B55F62172CA003E4000422C2 /* Content.swift */,
			);
			path = Model;
			sourceTree = "<group>";
		};
		B5DA36802C933BAB00DBA9F3 /* Resource */ = {
			isa = PBXGroup;
			children = (
				B5DA365D2C93380500DBA9F3 /* LaunchScreen.storyboard */,
				B5DA365B2C93380500DBA9F3 /* Assets.xcassets */,
				B5DA36602C93380500DBA9F3 /* Info.plist */,
				B5DA36812C933CAB00DBA9F3 /* Secrets.xcconfig */,
			);
			path = Resource;
			sourceTree = "<group>";
		};
		B5DA36822C933CFE00DBA9F3 /* Extension */ = {
			isa = PBXGroup;
			children = (
				B5DA36832C933D2300DBA9F3 /* Bundle+Extensions.swift */,
				B5DA36882C93434000DBA9F3 /* String+Extenstions.swift */,
				B585F3052C9C4769003AB007 /* Float+Extensions.swift */,
			);
			path = Extension;
			sourceTree = "<group>";
		};
		B5DA36852C933EEA00DBA9F3 /* Entity */ = {
			isa = PBXGroup;
			children = (
				B5DA36862C933EFC00DBA9F3 /* APIPath.swift */,
			);
			path = Entity;
			sourceTree = "<group>";
		};
		B5DA36962C97169100DBA9F3 /* Cells */ = {
			isa = PBXGroup;
			children = (
				B585F2FF2C9BDCD4003AB007 /* CommonItemCell.swift */,
				B585F3012C9C4289003AB007 /* BannerItemCell.swift */,
				B585F3032C9C4501003AB007 /* VerticalItemCell.swift */,
				B585F3072C9C4838003AB007 /* HeaderView.swift */,
				B55F621E2CA1B137000422C2 /* ReviewHeaderCell.swift */,
				B55F62202CA1B13E000422C2 /* ReviewContentCell.swift */,
			);
			path = Cells;
			sourceTree = "<group>";
		};
/* End PBXGroup section */

/* Begin PBXNativeTarget section */
		B5DA364E2C93380300DBA9F3 /* TVMovie_ModernCollectionView */ = {
			isa = PBXNativeTarget;
			buildConfigurationList = B5DA36632C93380500DBA9F3 /* Build configuration list for PBXNativeTarget "TVMovie_ModernCollectionView" */;
			buildPhases = (
				B5DA364B2C93380300DBA9F3 /* Sources */,
				B5DA364C2C93380300DBA9F3 /* Frameworks */,
				B5DA364D2C93380300DBA9F3 /* Resources */,
			);
			buildRules = (
			);
			dependencies = (
			);
			name = TVMovie_ModernCollectionView;
			packageProductDependencies = (
				B5DA36672C93399200DBA9F3 /* Kingfisher */,
				B5DA366A2C9339A000DBA9F3 /* SnapKit */,
				B5DA366D2C9339B400DBA9F3 /* RxAlamofire */,
				B5DA36702C9339C600DBA9F3 /* RxCocoa */,
				B5DA36722C9339C600DBA9F3 /* RxSwift */,
			);
			productName = TVMovie_ModernCollectionView;
			productReference = B5DA364F2C93380300DBA9F3 /* TVMovie_ModernCollectionView.app */;
			productType = "com.apple.product-type.application";
		};
/* End PBXNativeTarget section */

/* Begin PBXProject section */
		B5DA36472C93380300DBA9F3 /* Project object */ = {
			isa = PBXProject;
			attributes = {
				BuildIndependentTargetsInParallel = 1;
				LastSwiftUpdateCheck = 1540;
				LastUpgradeCheck = 1540;
				TargetAttributes = {
					B5DA364E2C93380300DBA9F3 = {
						CreatedOnToolsVersion = 15.4;
					};
				};
			};
			buildConfigurationList = B5DA364A2C93380300DBA9F3 /* Build configuration list for PBXProject "TVMovie_ModernCollectionView" */;
			compatibilityVersion = "Xcode 14.0";
			developmentRegion = en;
			hasScannedForEncodings = 0;
			knownRegions = (
				en,
				Base,
			);
			mainGroup = B5DA36462C93380300DBA9F3;
			packageReferences = (
				B5DA36662C93399200DBA9F3 /* XCRemoteSwiftPackageReference "Kingfisher" */,
				B5DA36692C9339A000DBA9F3 /* XCRemoteSwiftPackageReference "SnapKit" */,
				B5DA366C2C9339B400DBA9F3 /* XCRemoteSwiftPackageReference "RxAlamofire" */,
				B5DA366F2C9339C600DBA9F3 /* XCRemoteSwiftPackageReference "RxSwift" */,
			);
			productRefGroup = B5DA36502C93380300DBA9F3 /* Products */;
			projectDirPath = "";
			projectRoot = "";
			targets = (
				B5DA364E2C93380300DBA9F3 /* TVMovie_ModernCollectionView */,
			);
		};
/* End PBXProject section */

/* Begin PBXResourcesBuildPhase section */
		B5DA364D2C93380300DBA9F3 /* Resources */ = {
			isa = PBXResourcesBuildPhase;
			buildActionMask = 2147483647;
			files = (
				B5DA365C2C93380500DBA9F3 /* Assets.xcassets in Resources */,
				B5DA365F2C93380500DBA9F3 /* Base in Resources */,
			);
			runOnlyForDeploymentPostprocessing = 0;
		};
/* End PBXResourcesBuildPhase section */

/* Begin PBXSourcesBuildPhase section */
		B5DA364B2C93380300DBA9F3 /* Sources */ = {
			isa = PBXSourcesBuildPhase;
			buildActionMask = 2147483647;
			files = (
				B55F62162C9D4CA0000422C2 /* ReviewNetwork.swift in Sources */,
				B5DA36572C93380300DBA9F3 /* MainViewController.swift in Sources */,
				B55F621A2CA1628E000422C2 /* ReviewViewController.swift in Sources */,
				B585F3062C9C4769003AB007 /* Float+Extensions.swift in Sources */,
				B585F3042C9C4501003AB007 /* VerticalItemCell.swift in Sources */,
				B5DA36892C93434100DBA9F3 /* String+Extenstions.swift in Sources */,
				B55F62182CA003E4000422C2 /* Content.swift in Sources */,
				B5DA36792C933B6200DBA9F3 /* TV.swift in Sources */,
				B5DA36982C9717BB00DBA9F3 /* MediaContent.swift in Sources */,
				B5DA36532C93380300DBA9F3 /* AppDelegate.swift in Sources */,
				B585F3002C9BDCD4003AB007 /* CommonItemCell.swift in Sources */,
				B55F62142C9D4747000422C2 /* ContentDetailViewModel.swift in Sources */,
				B5DA368F2C970DC200DBA9F3 /* TVNetwork.swift in Sources */,
				B5DA36552C93380300DBA9F3 /* SceneDelegate.swift in Sources */,
				B55F621F2CA1B137000422C2 /* ReviewHeaderCell.swift in Sources */,
				B5DA36872C933EFD00DBA9F3 /* APIPath.swift in Sources */,
				B5DA369A2C9718B500DBA9F3 /* ButtonView.swift in Sources */,
				B5DA36912C97110F00DBA9F3 /* MovieNetwork.swift in Sources */,
				B5DA368B2C9346E000DBA9F3 /* Review.swift in Sources */,
				B5DA368D2C934A7500DBA9F3 /* MovieResults.swift in Sources */,
				B5DA367B2C933B6600DBA9F3 /* Movie.swift in Sources */,
				B55F62212CA1B13E000422C2 /* ReviewContentCell.swift in Sources */,
				B5DA367F2C933B8F00DBA9F3 /* Network.swift in Sources */,
				B5DA36952C9712C700DBA9F3 /* ViewModelType.swift in Sources */,
				B585F3022C9C4289003AB007 /* BannerItemCell.swift in Sources */,
				B55F62122C9D33F3000422C2 /* ContentDetailViewController.swift in Sources */,
				B55F621C2CA1AEED000422C2 /* ReviewViewModel.swift in Sources */,
				B5DA367D2C933B7D00DBA9F3 /* MainViewModel.swift in Sources */,
				B5DA36842C933D2300DBA9F3 /* Bundle+Extensions.swift in Sources */,
				B585F3082C9C4838003AB007 /* HeaderView.swift in Sources */,
				B5DA36932C97120500DBA9F3 /* NetworkProvider.swift in Sources */,
			);
			runOnlyForDeploymentPostprocessing = 0;
		};
/* End PBXSourcesBuildPhase section */

/* Begin PBXVariantGroup section */
		B5DA365D2C93380500DBA9F3 /* LaunchScreen.storyboard */ = {
			isa = PBXVariantGroup;
			children = (
				B5DA365E2C93380500DBA9F3 /* Base */,
			);
			name = LaunchScreen.storyboard;
			sourceTree = "<group>";
		};
/* End PBXVariantGroup section */

/* Begin XCBuildConfiguration section */
		B5DA36612C93380500DBA9F3 /* Debug */ = {
			isa = XCBuildConfiguration;
			buildSettings = {
				ALWAYS_SEARCH_USER_PATHS = NO;
				ASSETCATALOG_COMPILER_GENERATE_SWIFT_ASSET_SYMBOL_EXTENSIONS = YES;
				CLANG_ANALYZER_NONNULL = YES;
				CLANG_ANALYZER_NUMBER_OBJECT_CONVERSION = YES_AGGRESSIVE;
				CLANG_CXX_LANGUAGE_STANDARD = "gnu++20";
				CLANG_ENABLE_MODULES = YES;
				CLANG_ENABLE_OBJC_ARC = YES;
				CLANG_ENABLE_OBJC_WEAK = YES;
				CLANG_WARN_BLOCK_CAPTURE_AUTORELEASING = YES;
				CLANG_WARN_BOOL_CONVERSION = YES;
				CLANG_WARN_COMMA = YES;
				CLANG_WARN_CONSTANT_CONVERSION = YES;
				CLANG_WARN_DEPRECATED_OBJC_IMPLEMENTATIONS = YES;
				CLANG_WARN_DIRECT_OBJC_ISA_USAGE = YES_ERROR;
				CLANG_WARN_DOCUMENTATION_COMMENTS = YES;
				CLANG_WARN_EMPTY_BODY = YES;
				CLANG_WARN_ENUM_CONVERSION = YES;
				CLANG_WARN_INFINITE_RECURSION = YES;
				CLANG_WARN_INT_CONVERSION = YES;
				CLANG_WARN_NON_LITERAL_NULL_CONVERSION = YES;
				CLANG_WARN_OBJC_IMPLICIT_RETAIN_SELF = YES;
				CLANG_WARN_OBJC_LITERAL_CONVERSION = YES;
				CLANG_WARN_OBJC_ROOT_CLASS = YES_ERROR;
				CLANG_WARN_QUOTED_INCLUDE_IN_FRAMEWORK_HEADER = YES;
				CLANG_WARN_RANGE_LOOP_ANALYSIS = YES;
				CLANG_WARN_STRICT_PROTOTYPES = YES;
				CLANG_WARN_SUSPICIOUS_MOVE = YES;
				CLANG_WARN_UNGUARDED_AVAILABILITY = YES_AGGRESSIVE;
				CLANG_WARN_UNREACHABLE_CODE = YES;
				CLANG_WARN__DUPLICATE_METHOD_MATCH = YES;
				COPY_PHASE_STRIP = NO;
				DEBUG_INFORMATION_FORMAT = dwarf;
				ENABLE_STRICT_OBJC_MSGSEND = YES;
				ENABLE_TESTABILITY = YES;
				ENABLE_USER_SCRIPT_SANDBOXING = YES;
				GCC_C_LANGUAGE_STANDARD = gnu17;
				GCC_DYNAMIC_NO_PIC = NO;
				GCC_NO_COMMON_BLOCKS = YES;
				GCC_OPTIMIZATION_LEVEL = 0;
				GCC_PREPROCESSOR_DEFINITIONS = (
					"DEBUG=1",
					"$(inherited)",
				);
				GCC_WARN_64_TO_32_BIT_CONVERSION = YES;
				GCC_WARN_ABOUT_RETURN_TYPE = YES_ERROR;
				GCC_WARN_UNDECLARED_SELECTOR = YES;
				GCC_WARN_UNINITIALIZED_AUTOS = YES_AGGRESSIVE;
				GCC_WARN_UNUSED_FUNCTION = YES;
				GCC_WARN_UNUSED_VARIABLE = YES;
				IPHONEOS_DEPLOYMENT_TARGET = 17.5;
				LOCALIZATION_PREFERS_STRING_CATALOGS = YES;
				MTL_ENABLE_DEBUG_INFO = INCLUDE_SOURCE;
				MTL_FAST_MATH = YES;
				ONLY_ACTIVE_ARCH = YES;
				SDKROOT = iphoneos;
				SWIFT_ACTIVE_COMPILATION_CONDITIONS = "DEBUG $(inherited)";
				SWIFT_OPTIMIZATION_LEVEL = "-Onone";
			};
			name = Debug;
		};
		B5DA36622C93380500DBA9F3 /* Release */ = {
			isa = XCBuildConfiguration;
			buildSettings = {
				ALWAYS_SEARCH_USER_PATHS = NO;
				ASSETCATALOG_COMPILER_GENERATE_SWIFT_ASSET_SYMBOL_EXTENSIONS = YES;
				CLANG_ANALYZER_NONNULL = YES;
				CLANG_ANALYZER_NUMBER_OBJECT_CONVERSION = YES_AGGRESSIVE;
				CLANG_CXX_LANGUAGE_STANDARD = "gnu++20";
				CLANG_ENABLE_MODULES = YES;
				CLANG_ENABLE_OBJC_ARC = YES;
				CLANG_ENABLE_OBJC_WEAK = YES;
				CLANG_WARN_BLOCK_CAPTURE_AUTORELEASING = YES;
				CLANG_WARN_BOOL_CONVERSION = YES;
				CLANG_WARN_COMMA = YES;
				CLANG_WARN_CONSTANT_CONVERSION = YES;
				CLANG_WARN_DEPRECATED_OBJC_IMPLEMENTATIONS = YES;
				CLANG_WARN_DIRECT_OBJC_ISA_USAGE = YES_ERROR;
				CLANG_WARN_DOCUMENTATION_COMMENTS = YES;
				CLANG_WARN_EMPTY_BODY = YES;
				CLANG_WARN_ENUM_CONVERSION = YES;
				CLANG_WARN_INFINITE_RECURSION = YES;
				CLANG_WARN_INT_CONVERSION = YES;
				CLANG_WARN_NON_LITERAL_NULL_CONVERSION = YES;
				CLANG_WARN_OBJC_IMPLICIT_RETAIN_SELF = YES;
				CLANG_WARN_OBJC_LITERAL_CONVERSION = YES;
				CLANG_WARN_OBJC_ROOT_CLASS = YES_ERROR;
				CLANG_WARN_QUOTED_INCLUDE_IN_FRAMEWORK_HEADER = YES;
				CLANG_WARN_RANGE_LOOP_ANALYSIS = YES;
				CLANG_WARN_STRICT_PROTOTYPES = YES;
				CLANG_WARN_SUSPICIOUS_MOVE = YES;
				CLANG_WARN_UNGUARDED_AVAILABILITY = YES_AGGRESSIVE;
				CLANG_WARN_UNREACHABLE_CODE = YES;
				CLANG_WARN__DUPLICATE_METHOD_MATCH = YES;
				COPY_PHASE_STRIP = NO;
				DEBUG_INFORMATION_FORMAT = "dwarf-with-dsym";
				ENABLE_NS_ASSERTIONS = NO;
				ENABLE_STRICT_OBJC_MSGSEND = YES;
				ENABLE_USER_SCRIPT_SANDBOXING = YES;
				GCC_C_LANGUAGE_STANDARD = gnu17;
				GCC_NO_COMMON_BLOCKS = YES;
				GCC_WARN_64_TO_32_BIT_CONVERSION = YES;
				GCC_WARN_ABOUT_RETURN_TYPE = YES_ERROR;
				GCC_WARN_UNDECLARED_SELECTOR = YES;
				GCC_WARN_UNINITIALIZED_AUTOS = YES_AGGRESSIVE;
				GCC_WARN_UNUSED_FUNCTION = YES;
				GCC_WARN_UNUSED_VARIABLE = YES;
				IPHONEOS_DEPLOYMENT_TARGET = 17.5;
				LOCALIZATION_PREFERS_STRING_CATALOGS = YES;
				MTL_ENABLE_DEBUG_INFO = NO;
				MTL_FAST_MATH = YES;
				SDKROOT = iphoneos;
				SWIFT_COMPILATION_MODE = wholemodule;
				VALIDATE_PRODUCT = YES;
			};
			name = Release;
		};
		B5DA36642C93380500DBA9F3 /* Debug */ = {
			isa = XCBuildConfiguration;
			baseConfigurationReference = B5DA36812C933CAB00DBA9F3 /* Secrets.xcconfig */;
			buildSettings = {
				ASSETCATALOG_COMPILER_APPICON_NAME = AppIcon;
				ASSETCATALOG_COMPILER_GLOBAL_ACCENT_COLOR_NAME = AccentColor;
				CODE_SIGN_STYLE = Automatic;
				CURRENT_PROJECT_VERSION = 1;
				DEVELOPMENT_TEAM = VDAQLM4XLQ;
				GENERATE_INFOPLIST_FILE = YES;
				INFOPLIST_FILE = TVMovie_ModernCollectionView/Info.plist;
				INFOPLIST_KEY_UIApplicationSupportsIndirectInputEvents = YES;
				INFOPLIST_KEY_UILaunchStoryboardName = LaunchScreen;
				INFOPLIST_KEY_UISupportedInterfaceOrientations_iPad = "UIInterfaceOrientationPortrait UIInterfaceOrientationPortraitUpsideDown UIInterfaceOrientationLandscapeLeft UIInterfaceOrientationLandscapeRight";
				INFOPLIST_KEY_UISupportedInterfaceOrientations_iPhone = "UIInterfaceOrientationPortrait UIInterfaceOrientationLandscapeLeft UIInterfaceOrientationLandscapeRight";
				LD_RUNPATH_SEARCH_PATHS = (
					"$(inherited)",
					"@executable_path/Frameworks",
				);
				MARKETING_VERSION = 1.0;
				PRODUCT_BUNDLE_IDENTIFIER = "com.Leo.TVMovie-ModernCollectionView";
				PRODUCT_NAME = "$(TARGET_NAME)";
				SWIFT_EMIT_LOC_STRINGS = YES;
				SWIFT_VERSION = 5.0;
				TARGETED_DEVICE_FAMILY = "1,2";
			};
			name = Debug;
		};
		B5DA36652C93380500DBA9F3 /* Release */ = {
			isa = XCBuildConfiguration;
			baseConfigurationReference = B5DA36812C933CAB00DBA9F3 /* Secrets.xcconfig */;
			buildSettings = {
				ASSETCATALOG_COMPILER_APPICON_NAME = AppIcon;
				ASSETCATALOG_COMPILER_GLOBAL_ACCENT_COLOR_NAME = AccentColor;
				CODE_SIGN_STYLE = Automatic;
				CURRENT_PROJECT_VERSION = 1;
				DEVELOPMENT_TEAM = VDAQLM4XLQ;
				GENERATE_INFOPLIST_FILE = YES;
				INFOPLIST_FILE = TVMovie_ModernCollectionView/Info.plist;
				INFOPLIST_KEY_UIApplicationSupportsIndirectInputEvents = YES;
				INFOPLIST_KEY_UILaunchStoryboardName = LaunchScreen;
				INFOPLIST_KEY_UISupportedInterfaceOrientations_iPad = "UIInterfaceOrientationPortrait UIInterfaceOrientationPortraitUpsideDown UIInterfaceOrientationLandscapeLeft UIInterfaceOrientationLandscapeRight";
				INFOPLIST_KEY_UISupportedInterfaceOrientations_iPhone = "UIInterfaceOrientationPortrait UIInterfaceOrientationLandscapeLeft UIInterfaceOrientationLandscapeRight";
				LD_RUNPATH_SEARCH_PATHS = (
					"$(inherited)",
					"@executable_path/Frameworks",
				);
				MARKETING_VERSION = 1.0;
				PRODUCT_BUNDLE_IDENTIFIER = "com.Leo.TVMovie-ModernCollectionView";
				PRODUCT_NAME = "$(TARGET_NAME)";
				SWIFT_EMIT_LOC_STRINGS = YES;
				SWIFT_VERSION = 5.0;
				TARGETED_DEVICE_FAMILY = "1,2";
			};
			name = Release;
		};
/* End XCBuildConfiguration section */

/* Begin XCConfigurationList section */
		B5DA364A2C93380300DBA9F3 /* Build configuration list for PBXProject "TVMovie_ModernCollectionView" */ = {
			isa = XCConfigurationList;
			buildConfigurations = (
				B5DA36612C93380500DBA9F3 /* Debug */,
				B5DA36622C93380500DBA9F3 /* Release */,
			);
			defaultConfigurationIsVisible = 0;
			defaultConfigurationName = Release;
		};
		B5DA36632C93380500DBA9F3 /* Build configuration list for PBXNativeTarget "TVMovie_ModernCollectionView" */ = {
			isa = XCConfigurationList;
			buildConfigurations = (
				B5DA36642C93380500DBA9F3 /* Debug */,
				B5DA36652C93380500DBA9F3 /* Release */,
			);
			defaultConfigurationIsVisible = 0;
			defaultConfigurationName = Release;
		};
/* End XCConfigurationList section */

/* Begin XCRemoteSwiftPackageReference section */
		B5DA36662C93399200DBA9F3 /* XCRemoteSwiftPackageReference "Kingfisher" */ = {
			isa = XCRemoteSwiftPackageReference;
			repositoryURL = "https://github.com/onevcat/Kingfisher.git";
			requirement = {
				kind = upToNextMajorVersion;
				minimumVersion = 7.12.0;
			};
		};
		B5DA36692C9339A000DBA9F3 /* XCRemoteSwiftPackageReference "SnapKit" */ = {
			isa = XCRemoteSwiftPackageReference;
			repositoryURL = "https://github.com/SnapKit/SnapKit.git";
			requirement = {
				kind = upToNextMajorVersion;
				minimumVersion = 5.7.1;
			};
		};
		B5DA366C2C9339B400DBA9F3 /* XCRemoteSwiftPackageReference "RxAlamofire" */ = {
			isa = XCRemoteSwiftPackageReference;
			repositoryURL = "https://github.com/RxSwiftCommunity/RxAlamofire.git";
			requirement = {
				kind = upToNextMajorVersion;
				minimumVersion = 6.0.0;
			};
		};
		B5DA366F2C9339C600DBA9F3 /* XCRemoteSwiftPackageReference "RxSwift" */ = {
			isa = XCRemoteSwiftPackageReference;
			repositoryURL = "https://github.com/ReactiveX/RxSwift.git";
			requirement = {
				kind = upToNextMajorVersion;
				minimumVersion = 6.7.1;
			};
		};
/* End XCRemoteSwiftPackageReference section */

/* Begin XCSwiftPackageProductDependency section */
		B5DA36672C93399200DBA9F3 /* Kingfisher */ = {
			isa = XCSwiftPackageProductDependency;
			package = B5DA36662C93399200DBA9F3 /* XCRemoteSwiftPackageReference "Kingfisher" */;
			productName = Kingfisher;
		};
		B5DA366A2C9339A000DBA9F3 /* SnapKit */ = {
			isa = XCSwiftPackageProductDependency;
			package = B5DA36692C9339A000DBA9F3 /* XCRemoteSwiftPackageReference "SnapKit" */;
			productName = SnapKit;
		};
		B5DA366D2C9339B400DBA9F3 /* RxAlamofire */ = {
			isa = XCSwiftPackageProductDependency;
			package = B5DA366C2C9339B400DBA9F3 /* XCRemoteSwiftPackageReference "RxAlamofire" */;
			productName = RxAlamofire;
		};
		B5DA36702C9339C600DBA9F3 /* RxCocoa */ = {
			isa = XCSwiftPackageProductDependency;
			package = B5DA366F2C9339C600DBA9F3 /* XCRemoteSwiftPackageReference "RxSwift" */;
			productName = RxCocoa;
		};
		B5DA36722C9339C600DBA9F3 /* RxSwift */ = {
			isa = XCSwiftPackageProductDependency;
			package = B5DA366F2C9339C600DBA9F3 /* XCRemoteSwiftPackageReference "RxSwift" */;
			productName = RxSwift;
		};
/* End XCSwiftPackageProductDependency section */
	};
	rootObject = B5DA36472C93380300DBA9F3 /* Project object */;
}
