// !$*UTF8*$!
{
	archiveVersion = 1;
	classes = {
	};
	objectVersion = 56;
	objects = {

/* Begin PBXBuildFile section */
		B5AED8122C35578E00F9BB83 /* Ch2_BasicTestApp.swift in Sources */ = {isa = PBXBuildFile; fileRef = B5AED8112C35578E00F9BB83 /* Ch2_BasicTestApp.swift */; };
		B5AED8142C35578E00F9BB83 /* ContentView.swift in Sources */ = {isa = PBXBuildFile; fileRef = B5AED8132C35578E00F9BB83 /* ContentView.swift */; };
		B5AED8162C35579000F9BB83 /* Assets.xcassets in Resources */ = {isa = PBXBuildFile; fileRef = B5AED8152C35579000F9BB83 /* Assets.xcassets */; };
		B5AED8192C35579000F9BB83 /* Preview Assets.xcassets in Resources */ = {isa = PBXBuildFile; fileRef = B5AED8182C35579000F9BB83 /* Preview Assets.xcassets */; };
		B5AED8202C3557B900F9BB83 /* Half.swift in Sources */ = {isa = PBXBuildFile; fileRef = B5AED81F2C3557B800F9BB83 /* Half.swift */; };
		B5AED8222C355B1100F9BB83 /* Elevator.swift in Sources */ = {isa = PBXBuildFile; fileRef = B5AED8212C355B1100F9BB83 /* Elevator.swift */; };
		B5AED8272C355DC200F9BB83 /* Diff.swift in Sources */ = {isa = PBXBuildFile; fileRef = B5AED8262C355DC200F9BB83 /* Diff.swift */; };
		B5E034C12C3674B500FF3738 /* Sample.swift in Sources */ = {isa = PBXBuildFile; fileRef = B5E034C02C3674B500FF3738 /* Sample.swift */; };
		B5E034C42C367A6E00FF3738 /* Exception.swift in Sources */ = {isa = PBXBuildFile; fileRef = B5E034C32C367A6E00FF3738 /* Exception.swift */; };
/* End PBXBuildFile section */

/* Begin PBXFileReference section */
		B5AED80E2C35578E00F9BB83 /* Ch2_BasicTest.app */ = {isa = PBXFileReference; explicitFileType = wrapper.application; includeInIndex = 0; path = Ch2_BasicTest.app; sourceTree = BUILT_PRODUCTS_DIR; };
		B5AED8112C35578E00F9BB83 /* Ch2_BasicTestApp.swift */ = {isa = PBXFileReference; lastKnownFileType = sourcecode.swift; path = Ch2_BasicTestApp.swift; sourceTree = "<group>"; };
		B5AED8132C35578E00F9BB83 /* ContentView.swift */ = {isa = PBXFileReference; lastKnownFileType = sourcecode.swift; path = ContentView.swift; sourceTree = "<group>"; };
		B5AED8152C35579000F9BB83 /* Assets.xcassets */ = {isa = PBXFileReference; lastKnownFileType = folder.assetcatalog; path = Assets.xcassets; sourceTree = "<group>"; };
		B5AED8182C35579000F9BB83 /* Preview Assets.xcassets */ = {isa = PBXFileReference; lastKnownFileType = folder.assetcatalog; path = "Preview Assets.xcassets"; sourceTree = "<group>"; };
		B5AED81F2C3557B800F9BB83 /* Half.swift */ = {isa = PBXFileReference; lastKnownFileType = sourcecode.swift; path = Half.swift; sourceTree = "<group>"; };
		B5AED8212C355B1100F9BB83 /* Elevator.swift */ = {isa = PBXFileReference; lastKnownFileType = sourcecode.swift; path = Elevator.swift; sourceTree = "<group>"; };
		B5AED8262C355DC200F9BB83 /* Diff.swift */ = {isa = PBXFileReference; lastKnownFileType = sourcecode.swift; path = Diff.swift; sourceTree = "<group>"; };
		B5E034C02C3674B500FF3738 /* Sample.swift */ = {isa = PBXFileReference; lastKnownFileType = sourcecode.swift; path = Sample.swift; sourceTree = "<group>"; };
		B5E034C32C367A6E00FF3738 /* Exception.swift */ = {isa = PBXFileReference; lastKnownFileType = sourcecode.swift; path = Exception.swift; sourceTree = "<group>"; };
/* End PBXFileReference section */

/* Begin PBXFrameworksBuildPhase section */
		B5AED80B2C35578E00F9BB83 /* Frameworks */ = {
			isa = PBXFrameworksBuildPhase;
			buildActionMask = 2147483647;
			files = (
			);
			runOnlyForDeploymentPostprocessing = 0;
		};
/* End PBXFrameworksBuildPhase section */

/* Begin PBXGroup section */
		B5AED8052C35578E00F9BB83 = {
			isa = PBXGroup;
			children = (
				B5AED8102C35578E00F9BB83 /* Ch2_BasicTest */,
				B5AED80F2C35578E00F9BB83 /* Products */,
			);
			sourceTree = "<group>";
		};
		B5AED80F2C35578E00F9BB83 /* Products */ = {
			isa = PBXGroup;
			children = (
				B5AED80E2C35578E00F9BB83 /* Ch2_BasicTest.app */,
			);
			name = Products;
			sourceTree = "<group>";
		};
		B5AED8102C35578E00F9BB83 /* Ch2_BasicTest */ = {
			isa = PBXGroup;
			children = (
				B5AED8112C35578E00F9BB83 /* Ch2_BasicTestApp.swift */,
				B5AED8132C35578E00F9BB83 /* ContentView.swift */,
				B5AED8232C355B1900F9BB83 /* HalfTest */,
				B5AED8242C355B2200F9BB83 /* Structure */,
				B5AED8252C355D3500F9BB83 /* Class */,
				B5E034BF2C36747100FF3738 /* Test */,
				B5E034C22C367A5300FF3738 /* Exception */,
				B5AED8152C35579000F9BB83 /* Assets.xcassets */,
				B5AED8172C35579000F9BB83 /* Preview Content */,
			);
			path = Ch2_BasicTest;
			sourceTree = "<group>";
		};
		B5AED8172C35579000F9BB83 /* Preview Content */ = {
			isa = PBXGroup;
			children = (
				B5AED8182C35579000F9BB83 /* Preview Assets.xcassets */,
			);
			path = "Preview Content";
			sourceTree = "<group>";
		};
		B5AED8232C355B1900F9BB83 /* HalfTest */ = {
			isa = PBXGroup;
			children = (
				B5AED81F2C3557B800F9BB83 /* Half.swift */,
			);
			path = HalfTest;
			sourceTree = "<group>";
		};
		B5AED8242C355B2200F9BB83 /* Structure */ = {
			isa = PBXGroup;
			children = (
				B5AED8212C355B1100F9BB83 /* Elevator.swift */,
			);
			path = Structure;
			sourceTree = "<group>";
		};
		B5AED8252C355D3500F9BB83 /* Class */ = {
			isa = PBXGroup;
			children = (
				B5AED8262C355DC200F9BB83 /* Diff.swift */,
			);
			path = Class;
			sourceTree = "<group>";
		};
		B5E034BF2C36747100FF3738 /* Test */ = {
			isa = PBXGroup;
			children = (
				B5E034C02C3674B500FF3738 /* Sample.swift */,
			);
			path = Test;
			sourceTree = "<group>";
		};
		B5E034C22C367A5300FF3738 /* Exception */ = {
			isa = PBXGroup;
			children = (
				B5E034C32C367A6E00FF3738 /* Exception.swift */,
			);
			path = Exception;
			sourceTree = "<group>";
		};
/* End PBXGroup section */

/* Begin PBXNativeTarget section */
		B5AED80D2C35578E00F9BB83 /* Ch2_BasicTest */ = {
			isa = PBXNativeTarget;
			buildConfigurationList = B5AED81C2C35579000F9BB83 /* Build configuration list for PBXNativeTarget "Ch2_BasicTest" */;
			buildPhases = (
				B5AED80A2C35578E00F9BB83 /* Sources */,
				B5AED80B2C35578E00F9BB83 /* Frameworks */,
				B5AED80C2C35578E00F9BB83 /* Resources */,
			);
			buildRules = (
			);
			dependencies = (
			);
			name = Ch2_BasicTest;
			productName = Ch2_BasicTest;
			productReference = B5AED80E2C35578E00F9BB83 /* Ch2_BasicTest.app */;
			productType = "com.apple.product-type.application";
		};
/* End PBXNativeTarget section */

/* Begin PBXProject section */
		B5AED8062C35578E00F9BB83 /* Project object */ = {
			isa = PBXProject;
			attributes = {
				BuildIndependentTargetsInParallel = 1;
				LastSwiftUpdateCheck = 1540;
				LastUpgradeCheck = 1540;
				TargetAttributes = {
					B5AED80D2C35578E00F9BB83 = {
						CreatedOnToolsVersion = 15.4;
					};
				};
			};
			buildConfigurationList = B5AED8092C35578E00F9BB83 /* Build configuration list for PBXProject "Ch2_BasicTest" */;
			compatibilityVersion = "Xcode 14.0";
			developmentRegion = en;
			hasScannedForEncodings = 0;
			knownRegions = (
				en,
				Base,
			);
			mainGroup = B5AED8052C35578E00F9BB83;
			productRefGroup = B5AED80F2C35578E00F9BB83 /* Products */;
			projectDirPath = "";
			projectRoot = "";
			targets = (
				B5AED80D2C35578E00F9BB83 /* Ch2_BasicTest */,
			);
		};
/* End PBXProject section */

/* Begin PBXResourcesBuildPhase section */
		B5AED80C2C35578E00F9BB83 /* Resources */ = {
			isa = PBXResourcesBuildPhase;
			buildActionMask = 2147483647;
			files = (
				B5AED8192C35579000F9BB83 /* Preview Assets.xcassets in Resources */,
				B5AED8162C35579000F9BB83 /* Assets.xcassets in Resources */,
			);
			runOnlyForDeploymentPostprocessing = 0;
		};
/* End PBXResourcesBuildPhase section */

/* Begin PBXSourcesBuildPhase section */
		B5AED80A2C35578E00F9BB83 /* Sources */ = {
			isa = PBXSourcesBuildPhase;
			buildActionMask = 2147483647;
			files = (
				B5AED8142C35578E00F9BB83 /* ContentView.swift in Sources */,
				B5E034C12C3674B500FF3738 /* Sample.swift in Sources */,
				B5AED8272C355DC200F9BB83 /* Diff.swift in Sources */,
				B5AED8122C35578E00F9BB83 /* Ch2_BasicTestApp.swift in Sources */,
				B5AED8202C3557B900F9BB83 /* Half.swift in Sources */,
				B5AED8222C355B1100F9BB83 /* Elevator.swift in Sources */,
				B5E034C42C367A6E00FF3738 /* Exception.swift in Sources */,
			);
			runOnlyForDeploymentPostprocessing = 0;
		};
/* End PBXSourcesBuildPhase section */

/* Begin XCBuildConfiguration section */
		B5AED81A2C35579000F9BB83 /* Debug */ = {
			isa = XCBuildConfiguration;
			buildSettings = {
				ALWAYS_SEARCH_USER_PATHS = NO;
				ASSETCATALOG_COMPILER_GENERATE_SWIFT_ASSET_SYMBOL_EXTENSIONS = YES;
				CLANG_ANALYZER_NONNULL = YES;
				CLANG_ANALYZER_NUMBER_OBJECT_CONVERSION = YES_AGGRESSIVE;
				CLANG_CXX_LANGUAGE_STANDARD = "gnu++20";
				CLANG_ENABLE_MODULES = YES;
				CLANG_ENABLE_OBJC_ARC = YES;
				CLANG_ENABLE_OBJC_WEAK = YES;
				CLANG_WARN_BLOCK_CAPTURE_AUTORELEASING = YES;
				CLANG_WARN_BOOL_CONVERSION = YES;
				CLANG_WARN_COMMA = YES;
				CLANG_WARN_CONSTANT_CONVERSION = YES;
				CLANG_WARN_DEPRECATED_OBJC_IMPLEMENTATIONS = YES;
				CLANG_WARN_DIRECT_OBJC_ISA_USAGE = YES_ERROR;
				CLANG_WARN_DOCUMENTATION_COMMENTS = YES;
				CLANG_WARN_EMPTY_BODY = YES;
				CLANG_WARN_ENUM_CONVERSION = YES;
				CLANG_WARN_INFINITE_RECURSION = YES;
				CLANG_WARN_INT_CONVERSION = YES;
				CLANG_WARN_NON_LITERAL_NULL_CONVERSION = YES;
				CLANG_WARN_OBJC_IMPLICIT_RETAIN_SELF = YES;
				CLANG_WARN_OBJC_LITERAL_CONVERSION = YES;
				CLANG_WARN_OBJC_ROOT_CLASS = YES_ERROR;
				CLANG_WARN_QUOTED_INCLUDE_IN_FRAMEWORK_HEADER = YES;
				CLANG_WARN_RANGE_LOOP_ANALYSIS = YES;
				CLANG_WARN_STRICT_PROTOTYPES = YES;
				CLANG_WARN_SUSPICIOUS_MOVE = YES;
				CLANG_WARN_UNGUARDED_AVAILABILITY = YES_AGGRESSIVE;
				CLANG_WARN_UNREACHABLE_CODE = YES;
				CLANG_WARN__DUPLICATE_METHOD_MATCH = YES;
				COPY_PHASE_STRIP = NO;
				DEBUG_INFORMATION_FORMAT = dwarf;
				ENABLE_STRICT_OBJC_MSGSEND = YES;
				ENABLE_TESTABILITY = YES;
				ENABLE_USER_SCRIPT_SANDBOXING = YES;
				GCC_C_LANGUAGE_STANDARD = gnu17;
				GCC_DYNAMIC_NO_PIC = NO;
				GCC_NO_COMMON_BLOCKS = YES;
				GCC_OPTIMIZATION_LEVEL = 0;
				GCC_PREPROCESSOR_DEFINITIONS = (
					"DEBUG=1",
					"$(inherited)",
				);
				GCC_WARN_64_TO_32_BIT_CONVERSION = YES;
				GCC_WARN_ABOUT_RETURN_TYPE = YES_ERROR;
				GCC_WARN_UNDECLARED_SELECTOR = YES;
				GCC_WARN_UNINITIALIZED_AUTOS = YES_AGGRESSIVE;
				GCC_WARN_UNUSED_FUNCTION = YES;
				GCC_WARN_UNUSED_VARIABLE = YES;
				IPHONEOS_DEPLOYMENT_TARGET = 17.5;
				LOCALIZATION_PREFERS_STRING_CATALOGS = YES;
				MTL_ENABLE_DEBUG_INFO = INCLUDE_SOURCE;
				MTL_FAST_MATH = YES;
				ONLY_ACTIVE_ARCH = YES;
				SDKROOT = iphoneos;
				SWIFT_ACTIVE_COMPILATION_CONDITIONS = "DEBUG $(inherited)";
				SWIFT_OPTIMIZATION_LEVEL = "-Onone";
			};
			name = Debug;
		};
		B5AED81B2C35579000F9BB83 /* Release */ = {
			isa = XCBuildConfiguration;
			buildSettings = {
				ALWAYS_SEARCH_USER_PATHS = NO;
				ASSETCATALOG_COMPILER_GENERATE_SWIFT_ASSET_SYMBOL_EXTENSIONS = YES;
				CLANG_ANALYZER_NONNULL = YES;
				CLANG_ANALYZER_NUMBER_OBJECT_CONVERSION = YES_AGGRESSIVE;
				CLANG_CXX_LANGUAGE_STANDARD = "gnu++20";
				CLANG_ENABLE_MODULES = YES;
				CLANG_ENABLE_OBJC_ARC = YES;
				CLANG_ENABLE_OBJC_WEAK = YES;
				CLANG_WARN_BLOCK_CAPTURE_AUTORELEASING = YES;
				CLANG_WARN_BOOL_CONVERSION = YES;
				CLANG_WARN_COMMA = YES;
				CLANG_WARN_CONSTANT_CONVERSION = YES;
				CLANG_WARN_DEPRECATED_OBJC_IMPLEMENTATIONS = YES;
				CLANG_WARN_DIRECT_OBJC_ISA_USAGE = YES_ERROR;
				CLANG_WARN_DOCUMENTATION_COMMENTS = YES;
				CLANG_WARN_EMPTY_BODY = YES;
				CLANG_WARN_ENUM_CONVERSION = YES;
				CLANG_WARN_INFINITE_RECURSION = YES;
				CLANG_WARN_INT_CONVERSION = YES;
				CLANG_WARN_NON_LITERAL_NULL_CONVERSION = YES;
				CLANG_WARN_OBJC_IMPLICIT_RETAIN_SELF = YES;
				CLANG_WARN_OBJC_LITERAL_CONVERSION = YES;
				CLANG_WARN_OBJC_ROOT_CLASS = YES_ERROR;
				CLANG_WARN_QUOTED_INCLUDE_IN_FRAMEWORK_HEADER = YES;
				CLANG_WARN_RANGE_LOOP_ANALYSIS = YES;
				CLANG_WARN_STRICT_PROTOTYPES = YES;
				CLANG_WARN_SUSPICIOUS_MOVE = YES;
				CLANG_WARN_UNGUARDED_AVAILABILITY = YES_AGGRESSIVE;
				CLANG_WARN_UNREACHABLE_CODE = YES;
				CLANG_WARN__DUPLICATE_METHOD_MATCH = YES;
				COPY_PHASE_STRIP = NO;
				DEBUG_INFORMATION_FORMAT = "dwarf-with-dsym";
				ENABLE_NS_ASSERTIONS = NO;
				ENABLE_STRICT_OBJC_MSGSEND = YES;
				ENABLE_USER_SCRIPT_SANDBOXING = YES;
				GCC_C_LANGUAGE_STANDARD = gnu17;
				GCC_NO_COMMON_BLOCKS = YES;
				GCC_WARN_64_TO_32_BIT_CONVERSION = YES;
				GCC_WARN_ABOUT_RETURN_TYPE = YES_ERROR;
				GCC_WARN_UNDECLARED_SELECTOR = YES;
				GCC_WARN_UNINITIALIZED_AUTOS = YES_AGGRESSIVE;
				GCC_WARN_UNUSED_FUNCTION = YES;
				GCC_WARN_UNUSED_VARIABLE = YES;
				IPHONEOS_DEPLOYMENT_TARGET = 17.5;
				LOCALIZATION_PREFERS_STRING_CATALOGS = YES;
				MTL_ENABLE_DEBUG_INFO = NO;
				MTL_FAST_MATH = YES;
				SDKROOT = iphoneos;
				SWIFT_COMPILATION_MODE = wholemodule;
				VALIDATE_PRODUCT = YES;
			};
			name = Release;
		};
		B5AED81D2C35579000F9BB83 /* Debug */ = {
			isa = XCBuildConfiguration;
			buildSettings = {
				ASSETCATALOG_COMPILER_APPICON_NAME = AppIcon;
				ASSETCATALOG_COMPILER_GLOBAL_ACCENT_COLOR_NAME = AccentColor;
				CODE_SIGN_STYLE = Automatic;
				CURRENT_PROJECT_VERSION = 1;
				DEVELOPMENT_ASSET_PATHS = "\"Ch2_BasicTest/Preview Content\"";
				DEVELOPMENT_TEAM = VDAQLM4XLQ;
				ENABLE_PREVIEWS = YES;
				GENERATE_INFOPLIST_FILE = YES;
				INFOPLIST_KEY_UIApplicationSceneManifest_Generation = YES;
				INFOPLIST_KEY_UIApplicationSupportsIndirectInputEvents = YES;
				INFOPLIST_KEY_UILaunchScreen_Generation = YES;
				INFOPLIST_KEY_UISupportedInterfaceOrientations_iPad = "UIInterfaceOrientationPortrait UIInterfaceOrientationPortraitUpsideDown UIInterfaceOrientationLandscapeLeft UIInterfaceOrientationLandscapeRight";
				INFOPLIST_KEY_UISupportedInterfaceOrientations_iPhone = "UIInterfaceOrientationPortrait UIInterfaceOrientationLandscapeLeft UIInterfaceOrientationLandscapeRight";
				LD_RUNPATH_SEARCH_PATHS = (
					"$(inherited)",
					"@executable_path/Frameworks",
				);
				MARKETING_VERSION = 1.0;
				PRODUCT_BUNDLE_IDENTIFIER = "com.Leo.Ch2-BasicTest";
				PRODUCT_NAME = "$(TARGET_NAME)";
				SWIFT_EMIT_LOC_STRINGS = YES;
				SWIFT_VERSION = 5.0;
				TARGETED_DEVICE_FAMILY = "1,2";
			};
			name = Debug;
		};
		B5AED81E2C35579000F9BB83 /* Release */ = {
			isa = XCBuildConfiguration;
			buildSettings = {
				ASSETCATALOG_COMPILER_APPICON_NAME = AppIcon;
				ASSETCATALOG_COMPILER_GLOBAL_ACCENT_COLOR_NAME = AccentColor;
				CODE_SIGN_STYLE = Automatic;
				CURRENT_PROJECT_VERSION = 1;
				DEVELOPMENT_ASSET_PATHS = "\"Ch2_BasicTest/Preview Content\"";
				DEVELOPMENT_TEAM = VDAQLM4XLQ;
				ENABLE_PREVIEWS = YES;
				GENERATE_INFOPLIST_FILE = YES;
				INFOPLIST_KEY_UIApplicationSceneManifest_Generation = YES;
				INFOPLIST_KEY_UIApplicationSupportsIndirectInputEvents = YES;
				INFOPLIST_KEY_UILaunchScreen_Generation = YES;
				INFOPLIST_KEY_UISupportedInterfaceOrientations_iPad = "UIInterfaceOrientationPortrait UIInterfaceOrientationPortraitUpsideDown UIInterfaceOrientationLandscapeLeft UIInterfaceOrientationLandscapeRight";
				INFOPLIST_KEY_UISupportedInterfaceOrientations_iPhone = "UIInterfaceOrientationPortrait UIInterfaceOrientationLandscapeLeft UIInterfaceOrientationLandscapeRight";
				LD_RUNPATH_SEARCH_PATHS = (
					"$(inherited)",
					"@executable_path/Frameworks",
				);
				MARKETING_VERSION = 1.0;
				PRODUCT_BUNDLE_IDENTIFIER = "com.Leo.Ch2-BasicTest";
				PRODUCT_NAME = "$(TARGET_NAME)";
				SWIFT_EMIT_LOC_STRINGS = YES;
				SWIFT_VERSION = 5.0;
				TARGETED_DEVICE_FAMILY = "1,2";
			};
			name = Release;
		};
/* End XCBuildConfiguration section */

/* Begin XCConfigurationList section */
		B5AED8092C35578E00F9BB83 /* Build configuration list for PBXProject "Ch2_BasicTest" */ = {
			isa = XCConfigurationList;
			buildConfigurations = (
				B5AED81A2C35579000F9BB83 /* Debug */,
				B5AED81B2C35579000F9BB83 /* Release */,
			);
			defaultConfigurationIsVisible = 0;
			defaultConfigurationName = Release;
		};
		B5AED81C2C35579000F9BB83 /* Build configuration list for PBXNativeTarget "Ch2_BasicTest" */ = {
			isa = XCConfigurationList;
			buildConfigurations = (
				B5AED81D2C35579000F9BB83 /* Debug */,
				B5AED81E2C35579000F9BB83 /* Release */,
			);
			defaultConfigurationIsVisible = 0;
			defaultConfigurationName = Release;
		};
/* End XCConfigurationList section */
	};
	rootObject = B5AED8062C35578E00F9BB83 /* Project object */;
}
