// !$*UTF8*$!
{
	archiveVersion = 1;
	classes = {
	};
	objectVersion = 77;
	objects = {

/* Begin PBXContainerItemProxy section */
		B5360CF02D3A866E00D37B21 /* PBXContainerItemProxy */ = {
			isa = PBXContainerItemProxy;
			containerPortal = B5360CD72D3A866C00D37B21 /* Project object */;
			proxyType = 1;
			remoteGlobalIDString = B5360CDE2D3A866C00D37B21;
			remoteInfo = MakeLMessanger;
		};
		B5360CFA2D3A866E00D37B21 /* PBXContainerItemProxy */ = {
			isa = PBXContainerItemProxy;
			containerPortal = B5360CD72D3A866C00D37B21 /* Project object */;
			proxyType = 1;
			remoteGlobalIDString = B5360CDE2D3A866C00D37B21;
			remoteInfo = MakeLMessanger;
		};
/* End PBXContainerItemProxy section */

/* Begin PBXFileReference section */
		B5360CDF2D3A866C00D37B21 /* MakeLMessanger.app */ = {isa = PBXFileReference; explicitFileType = wrapper.application; includeInIndex = 0; path = MakeLMessanger.app; sourceTree = BUILT_PRODUCTS_DIR; };
		B5360CEF2D3A866E00D37B21 /* MakeLMessangerTests.xctest */ = {isa = PBXFileReference; explicitFileType = wrapper.cfbundle; includeInIndex = 0; path = MakeLMessangerTests.xctest; sourceTree = BUILT_PRODUCTS_DIR; };
		B5360CF92D3A866E00D37B21 /* MakeLMessangerUITests.xctest */ = {isa = PBXFileReference; explicitFileType = wrapper.cfbundle; includeInIndex = 0; path = MakeLMessangerUITests.xctest; sourceTree = BUILT_PRODUCTS_DIR; };
/* End PBXFileReference section */

/* Begin PBXFileSystemSynchronizedRootGroup section */
		B5360CE12D3A866C00D37B21 /* MakeLMessanger */ = {
			isa = PBXFileSystemSynchronizedRootGroup;
			path = MakeLMessanger;
			sourceTree = "<group>";
		};
		B5360CF22D3A866E00D37B21 /* MakeLMessangerTests */ = {
			isa = PBXFileSystemSynchronizedRootGroup;
			path = MakeLMessangerTests;
			sourceTree = "<group>";
		};
		B5360CFC2D3A866E00D37B21 /* MakeLMessangerUITests */ = {
			isa = PBXFileSystemSynchronizedRootGroup;
			path = MakeLMessangerUITests;
			sourceTree = "<group>";
		};
/* End PBXFileSystemSynchronizedRootGroup section */

/* Begin PBXFrameworksBuildPhase section */
		B5360CDC2D3A866C00D37B21 /* Frameworks */ = {
			isa = PBXFrameworksBuildPhase;
			buildActionMask = 2147483647;
			files = (
			);
			runOnlyForDeploymentPostprocessing = 0;
		};
		B5360CEC2D3A866E00D37B21 /* Frameworks */ = {
			isa = PBXFrameworksBuildPhase;
			buildActionMask = 2147483647;
			files = (
			);
			runOnlyForDeploymentPostprocessing = 0;
		};
		B5360CF62D3A866E00D37B21 /* Frameworks */ = {
			isa = PBXFrameworksBuildPhase;
			buildActionMask = 2147483647;
			files = (
			);
			runOnlyForDeploymentPostprocessing = 0;
		};
/* End PBXFrameworksBuildPhase section */

/* Begin PBXGroup section */
		B5360CD62D3A866C00D37B21 = {
			isa = PBXGroup;
			children = (
				B5360CE12D3A866C00D37B21 /* MakeLMessanger */,
				B5360CF22D3A866E00D37B21 /* MakeLMessangerTests */,
				B5360CFC2D3A866E00D37B21 /* MakeLMessangerUITests */,
				B5360CE02D3A866C00D37B21 /* Products */,
			);
			sourceTree = "<group>";
		};
		B5360CE02D3A866C00D37B21 /* Products */ = {
			isa = PBXGroup;
			children = (
				B5360CDF2D3A866C00D37B21 /* MakeLMessanger.app */,
				B5360CEF2D3A866E00D37B21 /* MakeLMessangerTests.xctest */,
				B5360CF92D3A866E00D37B21 /* MakeLMessangerUITests.xctest */,
			);
			name = Products;
			sourceTree = "<group>";
		};
/* End PBXGroup section */

/* Begin PBXNativeTarget section */
		B5360CDE2D3A866C00D37B21 /* MakeLMessanger */ = {
			isa = PBXNativeTarget;
			buildConfigurationList = B5360D032D3A866E00D37B21 /* Build configuration list for PBXNativeTarget "MakeLMessanger" */;
			buildPhases = (
				B5360CDB2D3A866C00D37B21 /* Sources */,
				B5360CDC2D3A866C00D37B21 /* Frameworks */,
				B5360CDD2D3A866C00D37B21 /* Resources */,
			);
			buildRules = (
			);
			dependencies = (
			);
			fileSystemSynchronizedGroups = (
				B5360CE12D3A866C00D37B21 /* MakeLMessanger */,
			);
			name = MakeLMessanger;
			packageProductDependencies = (
			);
			productName = MakeLMessanger;
			productReference = B5360CDF2D3A866C00D37B21 /* MakeLMessanger.app */;
			productType = "com.apple.product-type.application";
		};
		B5360CEE2D3A866E00D37B21 /* MakeLMessangerTests */ = {
			isa = PBXNativeTarget;
			buildConfigurationList = B5360D062D3A866E00D37B21 /* Build configuration list for PBXNativeTarget "MakeLMessangerTests" */;
			buildPhases = (
				B5360CEB2D3A866E00D37B21 /* Sources */,
				B5360CEC2D3A866E00D37B21 /* Frameworks */,
				B5360CED2D3A866E00D37B21 /* Resources */,
			);
			buildRules = (
			);
			dependencies = (
				B5360CF12D3A866E00D37B21 /* PBXTargetDependency */,
			);
			fileSystemSynchronizedGroups = (
				B5360CF22D3A866E00D37B21 /* MakeLMessangerTests */,
			);
			name = MakeLMessangerTests;
			packageProductDependencies = (
			);
			productName = MakeLMessangerTests;
			productReference = B5360CEF2D3A866E00D37B21 /* MakeLMessangerTests.xctest */;
			productType = "com.apple.product-type.bundle.unit-test";
		};
		B5360CF82D3A866E00D37B21 /* MakeLMessangerUITests */ = {
			isa = PBXNativeTarget;
			buildConfigurationList = B5360D092D3A866E00D37B21 /* Build configuration list for PBXNativeTarget "MakeLMessangerUITests" */;
			buildPhases = (
				B5360CF52D3A866E00D37B21 /* Sources */,
				B5360CF62D3A866E00D37B21 /* Frameworks */,
				B5360CF72D3A866E00D37B21 /* Resources */,
			);
			buildRules = (
			);
			dependencies = (
				B5360CFB2D3A866E00D37B21 /* PBXTargetDependency */,
			);
			fileSystemSynchronizedGroups = (
				B5360CFC2D3A866E00D37B21 /* MakeLMessangerUITests */,
			);
			name = MakeLMessangerUITests;
			packageProductDependencies = (
			);
			productName = MakeLMessangerUITests;
			productReference = B5360CF92D3A866E00D37B21 /* MakeLMessangerUITests.xctest */;
			productType = "com.apple.product-type.bundle.ui-testing";
		};
/* End PBXNativeTarget section */

/* Begin PBXProject section */
		B5360CD72D3A866C00D37B21 /* Project object */ = {
			isa = PBXProject;
			attributes = {
				BuildIndependentTargetsInParallel = 1;
				LastSwiftUpdateCheck = 1620;
				LastUpgradeCheck = 1620;
				TargetAttributes = {
					B5360CDE2D3A866C00D37B21 = {
						CreatedOnToolsVersion = 16.2;
					};
					B5360CEE2D3A866E00D37B21 = {
						CreatedOnToolsVersion = 16.2;
						TestTargetID = B5360CDE2D3A866C00D37B21;
					};
					B5360CF82D3A866E00D37B21 = {
						CreatedOnToolsVersion = 16.2;
						TestTargetID = B5360CDE2D3A866C00D37B21;
					};
				};
			};
			buildConfigurationList = B5360CDA2D3A866C00D37B21 /* Build configuration list for PBXProject "MakeLMessanger" */;
			developmentRegion = en;
			hasScannedForEncodings = 0;
			knownRegions = (
				en,
				Base,
			);
			mainGroup = B5360CD62D3A866C00D37B21;
			minimizedProjectReferenceProxies = 1;
			preferredProjectObjectVersion = 77;
			productRefGroup = B5360CE02D3A866C00D37B21 /* Products */;
			projectDirPath = "";
			projectRoot = "";
			targets = (
				B5360CDE2D3A866C00D37B21 /* MakeLMessanger */,
				B5360CEE2D3A866E00D37B21 /* MakeLMessangerTests */,
				B5360CF82D3A866E00D37B21 /* MakeLMessangerUITests */,
			);
		};
/* End PBXProject section */

/* Begin PBXResourcesBuildPhase section */
		B5360CDD2D3A866C00D37B21 /* Resources */ = {
			isa = PBXResourcesBuildPhase;
			buildActionMask = 2147483647;
			files = (
			);
			runOnlyForDeploymentPostprocessing = 0;
		};
		B5360CED2D3A866E00D37B21 /* Resources */ = {
			isa = PBXResourcesBuildPhase;
			buildActionMask = 2147483647;
			files = (
			);
			runOnlyForDeploymentPostprocessing = 0;
		};
		B5360CF72D3A866E00D37B21 /* Resources */ = {
			isa = PBXResourcesBuildPhase;
			buildActionMask = 2147483647;
			files = (
			);
			runOnlyForDeploymentPostprocessing = 0;
		};
/* End PBXResourcesBuildPhase section */

/* Begin PBXSourcesBuildPhase section */
		B5360CDB2D3A866C00D37B21 /* Sources */ = {
			isa = PBXSourcesBuildPhase;
			buildActionMask = 2147483647;
			files = (
			);
			runOnlyForDeploymentPostprocessing = 0;
		};
		B5360CEB2D3A866E00D37B21 /* Sources */ = {
			isa = PBXSourcesBuildPhase;
			buildActionMask = 2147483647;
			files = (
			);
			runOnlyForDeploymentPostprocessing = 0;
		};
		B5360CF52D3A866E00D37B21 /* Sources */ = {
			isa = PBXSourcesBuildPhase;
			buildActionMask = 2147483647;
			files = (
			);
			runOnlyForDeploymentPostprocessing = 0;
		};
/* End PBXSourcesBuildPhase section */

/* Begin PBXTargetDependency section */
		B5360CF12D3A866E00D37B21 /* PBXTargetDependency */ = {
			isa = PBXTargetDependency;
			target = B5360CDE2D3A866C00D37B21 /* MakeLMessanger */;
			targetProxy = B5360CF02D3A866E00D37B21 /* PBXContainerItemProxy */;
		};
		B5360CFB2D3A866E00D37B21 /* PBXTargetDependency */ = {
			isa = PBXTargetDependency;
			target = B5360CDE2D3A866C00D37B21 /* MakeLMessanger */;
			targetProxy = B5360CFA2D3A866E00D37B21 /* PBXContainerItemProxy */;
		};
/* End PBXTargetDependency section */

/* Begin XCBuildConfiguration section */
		B5360D012D3A866E00D37B21 /* Debug */ = {
			isa = XCBuildConfiguration;
			buildSettings = {
				ALWAYS_SEARCH_USER_PATHS = NO;
				ASSETCATALOG_COMPILER_GENERATE_SWIFT_ASSET_SYMBOL_EXTENSIONS = YES;
				CLANG_ANALYZER_NONNULL = YES;
				CLANG_ANALYZER_NUMBER_OBJECT_CONVERSION = YES_AGGRESSIVE;
				CLANG_CXX_LANGUAGE_STANDARD = "gnu++20";
				CLANG_ENABLE_MODULES = YES;
				CLANG_ENABLE_OBJC_ARC = YES;
				CLANG_ENABLE_OBJC_WEAK = YES;
				CLANG_WARN_BLOCK_CAPTURE_AUTORELEASING = YES;
				CLANG_WARN_BOOL_CONVERSION = YES;
				CLANG_WARN_COMMA = YES;
				CLANG_WARN_CONSTANT_CONVERSION = YES;
				CLANG_WARN_DEPRECATED_OBJC_IMPLEMENTATIONS = YES;
				CLANG_WARN_DIRECT_OBJC_ISA_USAGE = YES_ERROR;
				CLANG_WARN_DOCUMENTATION_COMMENTS = YES;
				CLANG_WARN_EMPTY_BODY = YES;
				CLANG_WARN_ENUM_CONVERSION = YES;
				CLANG_WARN_INFINITE_RECURSION = YES;
				CLANG_WARN_INT_CONVERSION = YES;
				CLANG_WARN_NON_LITERAL_NULL_CONVERSION = YES;
				CLANG_WARN_OBJC_IMPLICIT_RETAIN_SELF = YES;
				CLANG_WARN_OBJC_LITERAL_CONVERSION = YES;
				CLANG_WARN_OBJC_ROOT_CLASS = YES_ERROR;
				CLANG_WARN_QUOTED_INCLUDE_IN_FRAMEWORK_HEADER = YES;
				CLANG_WARN_RANGE_LOOP_ANALYSIS = YES;
				CLANG_WARN_STRICT_PROTOTYPES = YES;
				CLANG_WARN_SUSPICIOUS_MOVE = YES;
				CLANG_WARN_UNGUARDED_AVAILABILITY = YES_AGGRESSIVE;
				CLANG_WARN_UNREACHABLE_CODE = YES;
				CLANG_WARN__DUPLICATE_METHOD_MATCH = YES;
				COPY_PHASE_STRIP = NO;
				DEBUG_INFORMATION_FORMAT = dwarf;
				ENABLE_STRICT_OBJC_MSGSEND = YES;
				ENABLE_TESTABILITY = YES;
				ENABLE_USER_SCRIPT_SANDBOXING = YES;
				GCC_C_LANGUAGE_STANDARD = gnu17;
				GCC_DYNAMIC_NO_PIC = NO;
				GCC_NO_COMMON_BLOCKS = YES;
				GCC_OPTIMIZATION_LEVEL = 0;
				GCC_PREPROCESSOR_DEFINITIONS = (
					"DEBUG=1",
					"$(inherited)",
				);
				GCC_WARN_64_TO_32_BIT_CONVERSION = YES;
				GCC_WARN_ABOUT_RETURN_TYPE = YES_ERROR;
				GCC_WARN_UNDECLARED_SELECTOR = YES;
				GCC_WARN_UNINITIALIZED_AUTOS = YES_AGGRESSIVE;
				GCC_WARN_UNUSED_FUNCTION = YES;
				GCC_WARN_UNUSED_VARIABLE = YES;
				IPHONEOS_DEPLOYMENT_TARGET = 18.2;
				LOCALIZATION_PREFERS_STRING_CATALOGS = YES;
				MTL_ENABLE_DEBUG_INFO = INCLUDE_SOURCE;
				MTL_FAST_MATH = YES;
				ONLY_ACTIVE_ARCH = YES;
				SDKROOT = iphoneos;
				SWIFT_ACTIVE_COMPILATION_CONDITIONS = "DEBUG $(inherited)";
				SWIFT_OPTIMIZATION_LEVEL = "-Onone";
			};
			name = Debug;
		};
		B5360D022D3A866E00D37B21 /* Release */ = {
			isa = XCBuildConfiguration;
			buildSettings = {
				ALWAYS_SEARCH_USER_PATHS = NO;
				ASSETCATALOG_COMPILER_GENERATE_SWIFT_ASSET_SYMBOL_EXTENSIONS = YES;
				CLANG_ANALYZER_NONNULL = YES;
				CLANG_ANALYZER_NUMBER_OBJECT_CONVERSION = YES_AGGRESSIVE;
				CLANG_CXX_LANGUAGE_STANDARD = "gnu++20";
				CLANG_ENABLE_MODULES = YES;
				CLANG_ENABLE_OBJC_ARC = YES;
				CLANG_ENABLE_OBJC_WEAK = YES;
				CLANG_WARN_BLOCK_CAPTURE_AUTORELEASING = YES;
				CLANG_WARN_BOOL_CONVERSION = YES;
				CLANG_WARN_COMMA = YES;
				CLANG_WARN_CONSTANT_CONVERSION = YES;
				CLANG_WARN_DEPRECATED_OBJC_IMPLEMENTATIONS = YES;
				CLANG_WARN_DIRECT_OBJC_ISA_USAGE = YES_ERROR;
				CLANG_WARN_DOCUMENTATION_COMMENTS = YES;
				CLANG_WARN_EMPTY_BODY = YES;
				CLANG_WARN_ENUM_CONVERSION = YES;
				CLANG_WARN_INFINITE_RECURSION = YES;
				CLANG_WARN_INT_CONVERSION = YES;
				CLANG_WARN_NON_LITERAL_NULL_CONVERSION = YES;
				CLANG_WARN_OBJC_IMPLICIT_RETAIN_SELF = YES;
				CLANG_WARN_OBJC_LITERAL_CONVERSION = YES;
				CLANG_WARN_OBJC_ROOT_CLASS = YES_ERROR;
				CLANG_WARN_QUOTED_INCLUDE_IN_FRAMEWORK_HEADER = YES;
				CLANG_WARN_RANGE_LOOP_ANALYSIS = YES;
				CLANG_WARN_STRICT_PROTOTYPES = YES;
				CLANG_WARN_SUSPICIOUS_MOVE = YES;
				CLANG_WARN_UNGUARDED_AVAILABILITY = YES_AGGRESSIVE;
				CLANG_WARN_UNREACHABLE_CODE = YES;
				CLANG_WARN__DUPLICATE_METHOD_MATCH = YES;
				COPY_PHASE_STRIP = NO;
				DEBUG_INFORMATION_FORMAT = "dwarf-with-dsym";
				ENABLE_NS_ASSERTIONS = NO;
				ENABLE_STRICT_OBJC_MSGSEND = YES;
				ENABLE_USER_SCRIPT_SANDBOXING = YES;
				GCC_C_LANGUAGE_STANDARD = gnu17;
				GCC_NO_COMMON_BLOCKS = YES;
				GCC_WARN_64_TO_32_BIT_CONVERSION = YES;
				GCC_WARN_ABOUT_RETURN_TYPE = YES_ERROR;
				GCC_WARN_UNDECLARED_SELECTOR = YES;
				GCC_WARN_UNINITIALIZED_AUTOS = YES_AGGRESSIVE;
				GCC_WARN_UNUSED_FUNCTION = YES;
				GCC_WARN_UNUSED_VARIABLE = YES;
				IPHONEOS_DEPLOYMENT_TARGET = 18.2;
				LOCALIZATION_PREFERS_STRING_CATALOGS = YES;
				MTL_ENABLE_DEBUG_INFO = NO;
				MTL_FAST_MATH = YES;
				SDKROOT = iphoneos;
				SWIFT_COMPILATION_MODE = wholemodule;
				VALIDATE_PRODUCT = YES;
			};
			name = Release;
		};
		B5360D042D3A866E00D37B21 /* Debug */ = {
			isa = XCBuildConfiguration;
			buildSettings = {
				ASSETCATALOG_COMPILER_APPICON_NAME = AppIcon;
				ASSETCATALOG_COMPILER_GLOBAL_ACCENT_COLOR_NAME = AccentColor;
				CODE_SIGN_STYLE = Automatic;
				CURRENT_PROJECT_VERSION = 1;
				DEVELOPMENT_ASSET_PATHS = "\"MakeLMessanger/Preview Content\"";
				DEVELOPMENT_TEAM = VDAQLM4XLQ;
				ENABLE_PREVIEWS = YES;
				GENERATE_INFOPLIST_FILE = YES;
				INFOPLIST_KEY_UIApplicationSceneManifest_Generation = YES;
				INFOPLIST_KEY_UIApplicationSupportsIndirectInputEvents = YES;
				INFOPLIST_KEY_UILaunchScreen_Generation = YES;
				INFOPLIST_KEY_UISupportedInterfaceOrientations_iPad = "UIInterfaceOrientationPortrait UIInterfaceOrientationPortraitUpsideDown UIInterfaceOrientationLandscapeLeft UIInterfaceOrientationLandscapeRight";
				INFOPLIST_KEY_UISupportedInterfaceOrientations_iPhone = "UIInterfaceOrientationPortrait UIInterfaceOrientationLandscapeLeft UIInterfaceOrientationLandscapeRight";
				LD_RUNPATH_SEARCH_PATHS = (
					"$(inherited)",
					"@executable_path/Frameworks",
				);
				MARKETING_VERSION = 1.0;
				PRODUCT_BUNDLE_IDENTIFIER = com.Leo.MakeLMessanger;
				PRODUCT_NAME = "$(TARGET_NAME)";
				SWIFT_EMIT_LOC_STRINGS = YES;
				SWIFT_VERSION = 5.0;
				TARGETED_DEVICE_FAMILY = "1,2";
			};
			name = Debug;
		};
		B5360D052D3A866E00D37B21 /* Release */ = {
			isa = XCBuildConfiguration;
			buildSettings = {
				ASSETCATALOG_COMPILER_APPICON_NAME = AppIcon;
				ASSETCATALOG_COMPILER_GLOBAL_ACCENT_COLOR_NAME = AccentColor;
				CODE_SIGN_STYLE = Automatic;
				CURRENT_PROJECT_VERSION = 1;
				DEVELOPMENT_ASSET_PATHS = "\"MakeLMessanger/Preview Content\"";
				DEVELOPMENT_TEAM = VDAQLM4XLQ;
				ENABLE_PREVIEWS = YES;
				GENERATE_INFOPLIST_FILE = YES;
				INFOPLIST_KEY_UIApplicationSceneManifest_Generation = YES;
				INFOPLIST_KEY_UIApplicationSupportsIndirectInputEvents = YES;
				INFOPLIST_KEY_UILaunchScreen_Generation = YES;
				INFOPLIST_KEY_UISupportedInterfaceOrientations_iPad = "UIInterfaceOrientationPortrait UIInterfaceOrientationPortraitUpsideDown UIInterfaceOrientationLandscapeLeft UIInterfaceOrientationLandscapeRight";
				INFOPLIST_KEY_UISupportedInterfaceOrientations_iPhone = "UIInterfaceOrientationPortrait UIInterfaceOrientationLandscapeLeft UIInterfaceOrientationLandscapeRight";
				LD_RUNPATH_SEARCH_PATHS = (
					"$(inherited)",
					"@executable_path/Frameworks",
				);
				MARKETING_VERSION = 1.0;
				PRODUCT_BUNDLE_IDENTIFIER = com.Leo.MakeLMessanger;
				PRODUCT_NAME = "$(TARGET_NAME)";
				SWIFT_EMIT_LOC_STRINGS = YES;
				SWIFT_VERSION = 5.0;
				TARGETED_DEVICE_FAMILY = "1,2";
			};
			name = Release;
		};
		B5360D072D3A866E00D37B21 /* Debug */ = {
			isa = XCBuildConfiguration;
			buildSettings = {
				BUNDLE_LOADER = "$(TEST_HOST)";
				CODE_SIGN_STYLE = Automatic;
				CURRENT_PROJECT_VERSION = 1;
				DEVELOPMENT_TEAM = VDAQLM4XLQ;
				GENERATE_INFOPLIST_FILE = YES;
				IPHONEOS_DEPLOYMENT_TARGET = 18.2;
				MARKETING_VERSION = 1.0;
				PRODUCT_BUNDLE_IDENTIFIER = com.Leo.MakeLMessangerTests;
				PRODUCT_NAME = "$(TARGET_NAME)";
				SWIFT_EMIT_LOC_STRINGS = NO;
				SWIFT_VERSION = 5.0;
				TARGETED_DEVICE_FAMILY = "1,2";
				TEST_HOST = "$(BUILT_PRODUCTS_DIR)/MakeLMessanger.app/$(BUNDLE_EXECUTABLE_FOLDER_PATH)/MakeLMessanger";
			};
			name = Debug;
		};
		B5360D082D3A866E00D37B21 /* Release */ = {
			isa = XCBuildConfiguration;
			buildSettings = {
				BUNDLE_LOADER = "$(TEST_HOST)";
				CODE_SIGN_STYLE = Automatic;
				CURRENT_PROJECT_VERSION = 1;
				DEVELOPMENT_TEAM = VDAQLM4XLQ;
				GENERATE_INFOPLIST_FILE = YES;
				IPHONEOS_DEPLOYMENT_TARGET = 18.2;
				MARKETING_VERSION = 1.0;
				PRODUCT_BUNDLE_IDENTIFIER = com.Leo.MakeLMessangerTests;
				PRODUCT_NAME = "$(TARGET_NAME)";
				SWIFT_EMIT_LOC_STRINGS = NO;
				SWIFT_VERSION = 5.0;
				TARGETED_DEVICE_FAMILY = "1,2";
				TEST_HOST = "$(BUILT_PRODUCTS_DIR)/MakeLMessanger.app/$(BUNDLE_EXECUTABLE_FOLDER_PATH)/MakeLMessanger";
			};
			name = Release;
		};
		B5360D0A2D3A866E00D37B21 /* Debug */ = {
			isa = XCBuildConfiguration;
			buildSettings = {
				CODE_SIGN_STYLE = Automatic;
				CURRENT_PROJECT_VERSION = 1;
				DEVELOPMENT_TEAM = VDAQLM4XLQ;
				GENERATE_INFOPLIST_FILE = YES;
				MARKETING_VERSION = 1.0;
				PRODUCT_BUNDLE_IDENTIFIER = com.Leo.MakeLMessangerUITests;
				PRODUCT_NAME = "$(TARGET_NAME)";
				SWIFT_EMIT_LOC_STRINGS = NO;
				SWIFT_VERSION = 5.0;
				TARGETED_DEVICE_FAMILY = "1,2";
				TEST_TARGET_NAME = MakeLMessanger;
			};
			name = Debug;
		};
		B5360D0B2D3A866E00D37B21 /* Release */ = {
			isa = XCBuildConfiguration;
			buildSettings = {
				CODE_SIGN_STYLE = Automatic;
				CURRENT_PROJECT_VERSION = 1;
				DEVELOPMENT_TEAM = VDAQLM4XLQ;
				GENERATE_INFOPLIST_FILE = YES;
				MARKETING_VERSION = 1.0;
				PRODUCT_BUNDLE_IDENTIFIER = com.Leo.MakeLMessangerUITests;
				PRODUCT_NAME = "$(TARGET_NAME)";
				SWIFT_EMIT_LOC_STRINGS = NO;
				SWIFT_VERSION = 5.0;
				TARGETED_DEVICE_FAMILY = "1,2";
				TEST_TARGET_NAME = MakeLMessanger;
			};
			name = Release;
		};
/* End XCBuildConfiguration section */

/* Begin XCConfigurationList section */
		B5360CDA2D3A866C00D37B21 /* Build configuration list for PBXProject "MakeLMessanger" */ = {
			isa = XCConfigurationList;
			buildConfigurations = (
				B5360D012D3A866E00D37B21 /* Debug */,
				B5360D022D3A866E00D37B21 /* Release */,
			);
			defaultConfigurationIsVisible = 0;
			defaultConfigurationName = Release;
		};
		B5360D032D3A866E00D37B21 /* Build configuration list for PBXNativeTarget "MakeLMessanger" */ = {
			isa = XCConfigurationList;
			buildConfigurations = (
				B5360D042D3A866E00D37B21 /* Debug */,
				B5360D052D3A866E00D37B21 /* Release */,
			);
			defaultConfigurationIsVisible = 0;
			defaultConfigurationName = Release;
		};
		B5360D062D3A866E00D37B21 /* Build configuration list for PBXNativeTarget "MakeLMessangerTests" */ = {
			isa = XCConfigurationList;
			buildConfigurations = (
				B5360D072D3A866E00D37B21 /* Debug */,
				B5360D082D3A866E00D37B21 /* Release */,
			);
			defaultConfigurationIsVisible = 0;
			defaultConfigurationName = Release;
		};
		B5360D092D3A866E00D37B21 /* Build configuration list for PBXNativeTarget "MakeLMessangerUITests" */ = {
			isa = XCConfigurationList;
			buildConfigurations = (
				B5360D0A2D3A866E00D37B21 /* Debug */,
				B5360D0B2D3A866E00D37B21 /* Release */,
			);
			defaultConfigurationIsVisible = 0;
			defaultConfigurationName = Release;
		};
/* End XCConfigurationList section */
	};
	rootObject = B5360CD72D3A866C00D37B21 /* Project object */;
}
